<?xml version="1.0" encoding="utf-8"?>
<Project ToolsVersion="4.0" xmlns="http://schemas.microsoft.com/developer/msbuild/2003">
  <ItemGroup>
    <Filter Include="Source Files">
      <UniqueIdentifier>{4FC737F1-C7A5-4376-A066-2A32D752A2FF}</UniqueIdentifier>
      <Extensions>cpp;c;cc;cxx;def;odl;idl;hpj;bat;asm;asmx</Extensions>
    </Filter>
    <Filter Include="Header Files">
      <UniqueIdentifier>{93995380-89BD-4b04-88EB-625FBE52EBFB}</UniqueIdentifier>
      <Extensions>h;hh;hpp;hxx;hm;inl;inc;xsd</Extensions>
    </Filter>
    <Filter Include="Util Source">
      <UniqueIdentifier>{41f1ad79-e331-460b-b4fc-7d544c60fc21}</UniqueIdentifier>
    </Filter>
    <Filter Include="Util Header">
      <UniqueIdentifier>{6c54dafa-5efc-43cf-a761-407f7a53ae5e}</UniqueIdentifier>
    </Filter>
  </ItemGroup>
  <ItemGroup>
    <ClCompile Include="Render_DX12.cpp">
      <Filter>Source Files</Filter>
    </ClCompile>
    <ClCompile Include="ObjectUpdateLogic.cpp">
      <Filter>Source Files</Filter>
    </ClCompile>
    <ClCompile Include="ClientFile.cpp">
      <Filter>Source Files</Filter>
    </ClCompile>
    <ClCompile Include="NetworkData.cpp">
      <Filter>Source Files</Filter>
    </ClCompile>
    <ClCompile Include="NetworkStatus.cpp">
      <Filter>Source Files</Filter>
    </ClCompile>
    <ClCompile Include="VIVETracking.cpp">
      <Filter>Source Files</Filter>
    </ClCompile>
    <ClCompile Include="Render_Init.cpp">
      <Filter>Source Files</Filter>
    </ClCompile>
    <ClCompile Include="Common\Camera.cpp">
      <Filter>Util Source</Filter>
    </ClCompile>
    <ClCompile Include="Common\d3dApp.cpp">
      <Filter>Util Source</Filter>
    </ClCompile>
    <ClCompile Include="Common\d3dUtil.cpp">
      <Filter>Util Source</Filter>
    </ClCompile>
    <ClCompile Include="Common\DDSTextureLoader.cpp">
      <Filter>Util Source</Filter>
    </ClCompile>
    <ClCompile Include="FrameResource.cpp">
      <Filter>Util Source</Filter>
    </ClCompile>
    <ClCompile Include="Common\GameTimer.cpp">
      <Filter>Util Source</Filter>
    </ClCompile>
    <ClCompile Include="Common\GeometryGenerator.cpp">
      <Filter>Util Source</Filter>
    </ClCompile>
    <ClCompile Include="Common\MathHelper.cpp">
      <Filter>Util Source</Filter>
    </ClCompile>
    <ClCompile Include="inc\ScreenGrab.cpp">
      <Filter>Util Source</Filter>
    </ClCompile>
    <ClCompile Include="Readers.cpp">
      <Filter>Source Files</Filter>
    </ClCompile>
    <ClCompile Include="Common\FXHlib.cpp">
      <Filter>Source Files</Filter>
    </ClCompile>
    <ClCompile Include="atomRadii.cpp">
      <Filter>Source Files</Filter>
    </ClCompile>
  </ItemGroup>
  <ItemGroup>
    <ClInclude Include="ObjectUpdateLogic.h">
      <Filter>Header Files</Filter>
    </ClInclude>
    <ClInclude Include="Render_DX12.h">
      <Filter>Header Files</Filter>
    </ClInclude>
    <ClInclude Include="managedMem.h">
      <Filter>Header Files</Filter>
    </ClInclude>
    <ClInclude Include="ClientFileHeader.h">
      <Filter>Header Files</Filter>
    </ClInclude>
    <ClInclude Include="NetworkData.h">
      <Filter>Header Files</Filter>
    </ClInclude>
    <ClInclude Include="NetworkStatus.h">
      <Filter>Header Files</Filter>
    </ClInclude>
    <ClInclude Include="networkConfig.h">
      <Filter>Header Files</Filter>
    </ClInclude>
    <ClInclude Include="PolynomialRegression.h">
      <Filter>Header Files</Filter>
    </ClInclude>
    <ClInclude Include="Common\Camera.h">
      <Filter>Util Header</Filter>
    </ClInclude>
    <ClInclude Include="Common\d3dApp.h">
      <Filter>Util Header</Filter>
    </ClInclude>
    <ClInclude Include="Common\d3dx12.h">
      <Filter>Util Header</Filter>
    </ClInclude>
    <ClInclude Include="Common\d3dUtil.h">
      <Filter>Util Header</Filter>
    </ClInclude>
    <ClInclude Include="Common\DDSTextureLoader.h">
      <Filter>Util Header</Filter>
    </ClInclude>
    <ClInclude Include="FrameResource.h">
      <Filter>Util Header</Filter>
    </ClInclude>
    <ClInclude Include="Common\GameTimer.h">
      <Filter>Util Header</Filter>
    </ClInclude>
    <ClInclude Include="Common\GeometryGenerator.h">
      <Filter>Util Header</Filter>
    </ClInclude>
    <ClInclude Include="Common\MathHelper.h">
      <Filter>Util Header</Filter>
    </ClInclude>
    <ClInclude Include="Common\UploadBuffer.h">
      <Filter>Util Header</Filter>
    </ClInclude>
    <ClInclude Include="Readers.h">
      <Filter>Header Files</Filter>
    </ClInclude>
    <ClInclude Include="Common\FXHlib.h">
      <Filter>Header Files</Filter>
    </ClInclude>
    <ClInclude Include="atomRadii.h">
      <Filter>Header Files</Filter>
    </ClInclude>
    <ClInclude Include="HandData1.h">
      <Filter>Header Files</Filter>
    </ClInclude>
    <ClInclude Include="HandData2.h">
      <Filter>Header Files</Filter>
    </ClInclude>
  </ItemGroup>
  <ItemGroup>
    <None Include="packages.config" />
  </ItemGroup>
</Project>